
Microsoft Visual Studio Solution File, Format Version 11.00
# Visual Studio 2010
Project("{FAE04EC0-301F-11D3-BF4B-00C04F79EFBC}") = "KhmerSpellCheck", "KhmerSpellCheck\KhmerSpellCheck.csproj", "{B9536751-B477-40E7-A5FD-E63D5907E6BA}"
EndProject
Project("{54435603-DBB4-11D2-8724-00A0C9A8B90C}") = "KhmerSpellCheckSetup", "KhmerSpellCheckSetup\KhmerSpellCheckSetup.vdproj", "{98C72755-4496-46B9-AD49-44FB2709F777}"
EndProject
Project("{54435603-DBB4-11D2-8724-00A0C9A8B90C}") = "KhmerSpellCheckSetup64", "KhmerSpellCheckSetup64\KhmerSpellCheckSetup64.vdproj", "{6EA249C3-5356-4B0A-85DA-3428ADFFFB30}"
EndProject
Global
	GlobalSection(SolutionConfigurationPlatforms) = preSolution
		Debug|Any CPU = Debug|Any CPU
		Release|Any CPU = Release|Any CPU
	EndGlobalSection
	GlobalSection(ProjectConfigurationPlatforms) = postSolution
		{B9536751-B477-40E7-A5FD-E63D5907E6BA}.Debug|Any CPU.ActiveCfg = Debug|Any CPU
		{B9536751-B477-40E7-A5FD-E63D5907E6BA}.Debug|Any CPU.Build.0 = Debug|Any CPU
		{B9536751-B477-40E7-A5FD-E63D5907E6BA}.Release|Any CPU.ActiveCfg = Release|Any CPU
		{B9536751-B477-40E7-A5FD-E63D5907E6BA}.Release|Any CPU.Build.0 = Release|Any CPU
		{98C72755-4496-46B9-AD49-44FB2709F777}.Debug|Any CPU.ActiveCfg = Debug
		{98C72755-4496-46B9-AD49-44FB2709F777}.Release|Any CPU.ActiveCfg = Release
		{6EA249C3-5356-4B0A-85DA-3428ADFFFB30}.Debug|Any CPU.ActiveCfg = Debug
		{6EA249C3-5356-4B0A-85DA-3428ADFFFB30}.Release|Any CPU.ActiveCfg = Release
	EndGlobalSection
	GlobalSection(SolutionProperties) = preSolution
		HideSolutionNode = FALSE
	EndGlobalSection
EndGlobal
